
Microsoft Visual Studio Solution File, Format Version 12.00
# Visual Studio 15
Project("{FAE04EC0-301F-11D3-BF4B-00C04F79EFBC}") = "Assembly-CSharp", "Assembly-CSharp.csproj", "{DC01FBCF-E062-A670-2CF3-724A85CAEB6E}"
EndProject
Project("{FAE04EC0-301F-11D3-BF4B-00C04F79EFBC}") = "FancyScrollView", "FancyScrollView.csproj", "{5D486A35-CAF7-1DBE-6B9C-868144626839}"
EndProject
Project("{FAE04EC0-301F-11D3-BF4B-00C04F79EFBC}") = "Assembly-CSharp-Editor", "Assembly-CSharp-Editor.csproj", "{AE8458EB-E859-8359-4341-5709227F5C66}"
EndProject
Project("{FAE04EC0-301F-11D3-BF4B-00C04F79EFBC}") = "FancyScrollView.Editor", "FancyScrollView.Editor.csproj", "{097DFF0E-1536-4BBE-0351-411BE1745162}"
EndProject
Global
	GlobalSection(SolutionConfigurationPlatforms) = preSolution
		Debug|Any CPU = Debug|Any CPU
		Release|Any CPU = Release|Any CPU
	EndGlobalSection
	GlobalSection(ProjectConfigurationPlatforms) = postSolution
		{DC01FBCF-E062-A670-2CF3-724A85CAEB6E}.Debug|Any CPU.ActiveCfg = Debug|Any CPU
		{DC01FBCF-E062-A670-2CF3-724A85CAEB6E}.Debug|Any CPU.Build.0 = Debug|Any CPU
		{DC01FBCF-E062-A670-2CF3-724A85CAEB6E}.Release|Any CPU.ActiveCfg = Release|Any CPU
		{DC01FBCF-E062-A670-2CF3-724A85CAEB6E}.Release|Any CPU.Build.0 = Release|Any CPU
		{5D486A35-CAF7-1DBE-6B9C-868144626839}.Debug|Any CPU.ActiveCfg = Debug|Any CPU
		{5D486A35-CAF7-1DBE-6B9C-868144626839}.Debug|Any CPU.Build.0 = Debug|Any CPU
		{5D486A35-CAF7-1DBE-6B9C-868144626839}.Release|Any CPU.ActiveCfg = Release|Any CPU
		{5D486A35-CAF7-1DBE-6B9C-868144626839}.Release|Any CPU.Build.0 = Release|Any CPU
		{AE8458EB-E859-8359-4341-5709227F5C66}.Debug|Any CPU.ActiveCfg = Debug|Any CPU
		{AE8458EB-E859-8359-4341-5709227F5C66}.Debug|Any CPU.Build.0 = Debug|Any CPU
		{AE8458EB-E859-8359-4341-5709227F5C66}.Release|Any CPU.ActiveCfg = Release|Any CPU
		{AE8458EB-E859-8359-4341-5709227F5C66}.Release|Any CPU.Build.0 = Release|Any CPU
		{097DFF0E-1536-4BBE-0351-411BE1745162}.Debug|Any CPU.ActiveCfg = Debug|Any CPU
		{097DFF0E-1536-4BBE-0351-411BE1745162}.Debug|Any CPU.Build.0 = Debug|Any CPU
		{097DFF0E-1536-4BBE-0351-411BE1745162}.Release|Any CPU.ActiveCfg = Release|Any CPU
		{097DFF0E-1536-4BBE-0351-411BE1745162}.Release|Any CPU.Build.0 = Release|Any CPU
	EndGlobalSection
	GlobalSection(SolutionProperties) = preSolution
		HideSolutionNode = FALSE
	EndGlobalSection
EndGlobal
